
Microsoft Visual Studio Solution File, Format Version 12.00
# Visual Studio Version 17
VisualStudioVersion = 17.3.32922.545
MinimumVisualStudioVersion = 10.0.40219.1
Project("{FAE04EC0-301F-11D3-BF4B-00C04F79EFBC}") = "BinarytoDec", "BinarytoDec\BinarytoDec.csproj", "{B7466CDA-15F9-4E49-AA6C-42837A189EB0}"
EndProject
Global
	GlobalSection(SolutionConfigurationPlatforms) = preSolution
		Debug|Any CPU = Debug|Any CPU
		Release|Any CPU = Release|Any CPU
	EndGlobalSection
	GlobalSection(ProjectConfigurationPlatforms) = postSolution
		{B7466CDA-15F9-4E49-AA6C-42837A189EB0}.Debug|Any CPU.ActiveCfg = Debug|Any CPU
		{B7466CDA-15F9-4E49-AA6C-42837A189EB0}.Debug|Any CPU.Build.0 = Debug|Any CPU
		{B7466CDA-15F9-4E49-AA6C-42837A189EB0}.Release|Any CPU.ActiveCfg = Release|Any CPU
		{B7466CDA-15F9-4E49-AA6C-42837A189EB0}.Release|Any CPU.Build.0 = Release|Any CPU
	EndGlobalSection
	GlobalSection(SolutionProperties) = preSolution
		HideSolutionNode = FALSE
	EndGlobalSection
	GlobalSection(ExtensibilityGlobals) = postSolution
		SolutionGuid = {9854009D-96AD-4BC0-BE4A-48ADB91CBA52}
	EndGlobalSection
EndGlobal
